// !$*UTF8*$!
{
	archiveVersion = 1;
	classes = {
	};
	objectVersion = 77;
	objects = {

/* Begin PBXBuildFile section */
		D0L0G000CCCC00010045F545 /* Assets.xcassets in Resources */ = {isa = PBXBuildFile; fileRef = E5441A882F2D77700045F545 /* Assets.xcassets */; };
		0B000001AAAA00010045F545 /* PhantomTextField.swift in Sources */ = {isa = PBXBuildFile; fileRef = 0B000002AAAA00010045F545 /* PhantomTextField.swift */; };
		0B000003AAAA00010045F545 /* OnboardingViewModel.swift in Sources */ = {isa = PBXBuildFile; fileRef = 0B000004AAAA00010045F545 /* OnboardingViewModel.swift */; };
		0B000005AAAA00010045F545 /* OnboardingProgressBar.swift in Sources */ = {isa = PBXBuildFile; fileRef = 0B000006AAAA00010045F545 /* OnboardingProgressBar.swift */; };
		0B000007AAAA00010045F545 /* OnboardingCard.swift in Sources */ = {isa = PBXBuildFile; fileRef = 0B000008AAAA00010045F545 /* OnboardingCard.swift */; };
		0B000009AAAA00010045F545 /* OnboardingNavigationBar.swift in Sources */ = {isa = PBXBuildFile; fileRef = 0B00000AAAAA00010045F545 /* OnboardingNavigationBar.swift */; };
		0B00000BAAAA00010045F545 /* ExampleGhostTradeCard.swift in Sources */ = {isa = PBXBuildFile; fileRef = 0B00000CAAAA00010045F545 /* ExampleGhostTradeCard.swift */; };
		0B00000DAAAA00010045F545 /* OnboardingOpeningView.swift in Sources */ = {isa = PBXBuildFile; fileRef = 0B00000EAAAA00010045F545 /* OnboardingOpeningView.swift */; };
		0B00000FAAAA00010045F545 /* OnboardingStep1View.swift in Sources */ = {isa = PBXBuildFile; fileRef = 0B000010AAAA00010045F545 /* OnboardingStep1View.swift */; };
		0B000011AAAA00010045F545 /* OnboardingStep2View.swift in Sources */ = {isa = PBXBuildFile; fileRef = 0B000012AAAA00010045F545 /* OnboardingStep2View.swift */; };
		0B000013AAAA00010045F545 /* OnboardingStep3View.swift in Sources */ = {isa = PBXBuildFile; fileRef = 0B000014AAAA00010045F545 /* OnboardingStep3View.swift */; };
		0B000015AAAA00010045F545 /* OnboardingStep4View.swift in Sources */ = {isa = PBXBuildFile; fileRef = 0B000016AAAA00010045F545 /* OnboardingStep4View.swift */; };
		0B000017AAAA00010045F545 /* OnboardingContainerView.swift in Sources */ = {isa = PBXBuildFile; fileRef = 0B000018AAAA00010045F545 /* OnboardingContainerView.swift */; };
		AA000002BBBB00010045F545 /* MainTabView.swift in Sources */ = {isa = PBXBuildFile; fileRef = AA000001BBBB00010045F545 /* MainTabView.swift */; };
		AA000009BBBB00010045F545 /* HesitationTaxView.swift in Sources */ = {isa = PBXBuildFile; fileRef = AA000008BBBB00010045F545 /* HesitationTaxView.swift */; };
		AA00000DBBBB00010045F545 /* ProfileView.swift in Sources */ = {isa = PBXBuildFile; fileRef = AA00000CBBBB00010045F545 /* ProfileView.swift */; };
		AA000011BBBB00010045F545 /* StreakView.swift in Sources */ = {isa = PBXBuildFile; fileRef = AA000010BBBB00010045F545 /* StreakView.swift */; };
		AA000005BBBB00010045F545 /* HomeView.swift in Sources */ = {isa = PBXBuildFile; fileRef = AA000004BBBB00010045F545 /* HomeView.swift */; };
		C0901A022F4C80000045F545 /* CognitoConfig.swift in Sources */ = {isa = PBXBuildFile; fileRef = C0901A012F4C80000045F545 /* CognitoConfig.swift */; };
		C0901A042F4C80000045F545 /* KeychainHelper.swift in Sources */ = {isa = PBXBuildFile; fileRef = C0901A032F4C80000045F545 /* KeychainHelper.swift */; };
		C0901A062F4C80000045F545 /* ConfirmSignUpView.swift in Sources */ = {isa = PBXBuildFile; fileRef = C0901A052F4C80000045F545 /* ConfirmSignUpView.swift */; };
		E5441A4B2F2D775D0045F545 /* Ghost.swift in Sources */ = {isa = PBXBuildFile; fileRef = E5441A452F2D775D0045F545 /* Ghost.swift */; };
		E5441A4C2F2D775D0045F545 /* AuthManager.swift in Sources */ = {isa = PBXBuildFile; fileRef = E5441A422F2D775D0045F545 /* AuthManager.swift */; };
		E5441A4D2F2D775D0045F545 /* APIClient.swift in Sources */ = {isa = PBXBuildFile; fileRef = E5441A482F2D775D0045F545 /* APIClient.swift */; };
		E5441A4E2F2D775D0045F545 /* UserProfile.swift in Sources */ = {isa = PBXBuildFile; fileRef = E5441A462F2D775D0045F545 /* UserProfile.swift */; };
		E5441A4F2F2D775D0045F545 /* DashboardSummary.swift in Sources */ = {isa = PBXBuildFile; fileRef = E5441A442F2D775D0045F545 /* DashboardSummary.swift */; };
		E5441A5E2F2D77660045F545 /* ProgressIndicator.swift in Sources */ = {isa = PBXBuildFile; fileRef = E5441A5B2F2D77660045F545 /* ProgressIndicator.swift */; };
		E5441A5F2F2D77660045F545 /* Typography.swift in Sources */ = {isa = PBXBuildFile; fileRef = E5441A5C2F2D77660045F545 /* Typography.swift */; };
		E5441A602F2D77660045F545 /* Colors.swift in Sources */ = {isa = PBXBuildFile; fileRef = E5441A592F2D77660045F545 /* Colors.swift */; };
		E5441A612F2D77660045F545 /* PhantomButton.swift in Sources */ = {isa = PBXBuildFile; fileRef = E5441A5A2F2D77660045F545 /* PhantomButton.swift */; };
		E5441A792F2D776A0045F545 /* LoginView.swift in Sources */ = {isa = PBXBuildFile; fileRef = E5441A642F2D776A0045F545 /* LoginView.swift */; };
		E5441A7A2F2D776A0045F545 /* SignUpView.swift in Sources */ = {isa = PBXBuildFile; fileRef = E5441A652F2D776A0045F545 /* SignUpView.swift */; };
		E5441A7B2F2D776A0045F545 /* AuthViewModel.swift in Sources */ = {isa = PBXBuildFile; fileRef = E5441A622F2D776A0045F545 /* AuthViewModel.swift */; };
		E5441A7C2F2D776A0045F545 /* NotesView.swift in Sources */ = {isa = PBXBuildFile; fileRef = E5441A722F2D776A0045F545 /* NotesView.swift */; };
		E5441A7D2F2D776A0045F545 /* GhostLoggedView.swift in Sources */ = {isa = PBXBuildFile; fileRef = E5441A712F2D776A0045F545 /* GhostLoggedView.swift */; };
		E5441A7E2F2D776A0045F545 /* DashboardView.swift in Sources */ = {isa = PBXBuildFile; fileRef = E5441A6A2F2D776A0045F545 /* DashboardView.swift */; };
		E5441A7F2F2D776A0045F545 /* DashboardViewModel.swift in Sources */ = {isa = PBXBuildFile; fileRef = E5441A682F2D776A0045F545 /* DashboardViewModel.swift */; };
		E5441A802F2D776A0045F545 /* Step2View.swift in Sources */ = {isa = PBXBuildFile; fileRef = E5441A752F2D776A0045F545 /* Step2View.swift */; };
		E5441A812F2D776A0045F545 /* GhostLoggingViewModel.swift in Sources */ = {isa = PBXBuildFile; fileRef = E5441A6E2F2D776A0045F545 /* GhostLoggingViewModel.swift */; };
		E5441A822F2D776A0045F545 /* StartLogView.swift in Sources */ = {isa = PBXBuildFile; fileRef = E5441A732F2D776A0045F545 /* StartLogView.swift */; };
		E5441A832F2D776A0045F545 /* Step1View.swift in Sources */ = {isa = PBXBuildFile; fileRef = E5441A742F2D776A0045F545 /* Step1View.swift */; };
		E5441A842F2D776A0045F545 /* GhostListView.swift in Sources */ = {isa = PBXBuildFile; fileRef = E5441A6B2F2D776A0045F545 /* GhostListView.swift */; };
		E5441A852F2D776A0045F545 /* EmotionView.swift in Sources */ = {isa = PBXBuildFile; fileRef = E5441A702F2D776A0045F545 /* EmotionView.swift */; };
		E5441A862F2D77700045F545 /* PhantomApp.swift in Sources */ = {isa = PBXBuildFile; fileRef = E5441A872F2D77700045F545 /* PhantomApp.swift */; };
/* End PBXBuildFile section */

/* Begin PBXFileReference section */
		0B000002AAAA00010045F545 /* PhantomTextField.swift */ = {isa = PBXFileReference; lastKnownFileType = sourcecode.swift; path = PhantomTextField.swift; sourceTree = "<group>"; };
		0B000004AAAA00010045F545 /* OnboardingViewModel.swift */ = {isa = PBXFileReference; lastKnownFileType = sourcecode.swift; path = OnboardingViewModel.swift; sourceTree = "<group>"; };
		0B000006AAAA00010045F545 /* OnboardingProgressBar.swift */ = {isa = PBXFileReference; lastKnownFileType = sourcecode.swift; path = OnboardingProgressBar.swift; sourceTree = "<group>"; };
		0B000008AAAA00010045F545 /* OnboardingCard.swift */ = {isa = PBXFileReference; lastKnownFileType = sourcecode.swift; path = OnboardingCard.swift; sourceTree = "<group>"; };
		0B00000AAAAA00010045F545 /* OnboardingNavigationBar.swift */ = {isa = PBXFileReference; lastKnownFileType = sourcecode.swift; path = OnboardingNavigationBar.swift; sourceTree = "<group>"; };
		0B00000CAAAA00010045F545 /* ExampleGhostTradeCard.swift */ = {isa = PBXFileReference; lastKnownFileType = sourcecode.swift; path = ExampleGhostTradeCard.swift; sourceTree = "<group>"; };
		0B00000EAAAA00010045F545 /* OnboardingOpeningView.swift */ = {isa = PBXFileReference; lastKnownFileType = sourcecode.swift; path = OnboardingOpeningView.swift; sourceTree = "<group>"; };
		0B000010AAAA00010045F545 /* OnboardingStep1View.swift */ = {isa = PBXFileReference; lastKnownFileType = sourcecode.swift; path = OnboardingStep1View.swift; sourceTree = "<group>"; };
		0B000012AAAA00010045F545 /* OnboardingStep2View.swift */ = {isa = PBXFileReference; lastKnownFileType = sourcecode.swift; path = OnboardingStep2View.swift; sourceTree = "<group>"; };
		0B000014AAAA00010045F545 /* OnboardingStep3View.swift */ = {isa = PBXFileReference; lastKnownFileType = sourcecode.swift; path = OnboardingStep3View.swift; sourceTree = "<group>"; };
		0B000016AAAA00010045F545 /* OnboardingStep4View.swift */ = {isa = PBXFileReference; lastKnownFileType = sourcecode.swift; path = OnboardingStep4View.swift; sourceTree = "<group>"; };
		0B000018AAAA00010045F545 /* OnboardingContainerView.swift */ = {isa = PBXFileReference; lastKnownFileType = sourcecode.swift; path = OnboardingContainerView.swift; sourceTree = "<group>"; };
		AA000001BBBB00010045F545 /* MainTabView.swift */ = {isa = PBXFileReference; lastKnownFileType = sourcecode.swift; path = MainTabView.swift; sourceTree = "<group>"; };
		AA000008BBBB00010045F545 /* HesitationTaxView.swift */ = {isa = PBXFileReference; lastKnownFileType = sourcecode.swift; path = HesitationTaxView.swift; sourceTree = "<group>"; };
		AA00000CBBBB00010045F545 /* ProfileView.swift */ = {isa = PBXFileReference; lastKnownFileType = sourcecode.swift; path = ProfileView.swift; sourceTree = "<group>"; };
		AA000010BBBB00010045F545 /* StreakView.swift */ = {isa = PBXFileReference; lastKnownFileType = sourcecode.swift; path = StreakView.swift; sourceTree = "<group>"; };
		AA000004BBBB00010045F545 /* HomeView.swift */ = {isa = PBXFileReference; lastKnownFileType = sourcecode.swift; path = HomeView.swift; sourceTree = "<group>"; };
		C0901A012F4C80000045F545 /* CognitoConfig.swift */ = {isa = PBXFileReference; lastKnownFileType = sourcecode.swift; path = CognitoConfig.swift; sourceTree = "<group>"; };
		C0901A032F4C80000045F545 /* KeychainHelper.swift */ = {isa = PBXFileReference; lastKnownFileType = sourcecode.swift; path = KeychainHelper.swift; sourceTree = "<group>"; };
		C0901A052F4C80000045F545 /* ConfirmSignUpView.swift */ = {isa = PBXFileReference; lastKnownFileType = sourcecode.swift; path = ConfirmSignUpView.swift; sourceTree = "<group>"; };
		E5441A342F2D76DF0045F545 /* Phantom.app */ = {isa = PBXFileReference; explicitFileType = wrapper.application; includeInIndex = 0; path = Phantom.app; sourceTree = BUILT_PRODUCTS_DIR; };
		E5441A422F2D775D0045F545 /* AuthManager.swift */ = {isa = PBXFileReference; lastKnownFileType = sourcecode.swift; path = AuthManager.swift; sourceTree = "<group>"; };
		E5441A442F2D775D0045F545 /* DashboardSummary.swift */ = {isa = PBXFileReference; lastKnownFileType = sourcecode.swift; path = DashboardSummary.swift; sourceTree = "<group>"; };
		E5441A452F2D775D0045F545 /* Ghost.swift */ = {isa = PBXFileReference; lastKnownFileType = sourcecode.swift; path = Ghost.swift; sourceTree = "<group>"; };
		E5441A462F2D775D0045F545 /* UserProfile.swift */ = {isa = PBXFileReference; lastKnownFileType = sourcecode.swift; path = UserProfile.swift; sourceTree = "<group>"; };
		E5441A482F2D775D0045F545 /* APIClient.swift */ = {isa = PBXFileReference; lastKnownFileType = sourcecode.swift; path = APIClient.swift; sourceTree = "<group>"; };
		E5441A592F2D77660045F545 /* Colors.swift */ = {isa = PBXFileReference; lastKnownFileType = sourcecode.swift; path = Colors.swift; sourceTree = "<group>"; };
		E5441A5A2F2D77660045F545 /* PhantomButton.swift */ = {isa = PBXFileReference; lastKnownFileType = sourcecode.swift; path = PhantomButton.swift; sourceTree = "<group>"; };
		E5441A5B2F2D77660045F545 /* ProgressIndicator.swift */ = {isa = PBXFileReference; lastKnownFileType = sourcecode.swift; path = ProgressIndicator.swift; sourceTree = "<group>"; };
		E5441A5C2F2D77660045F545 /* Typography.swift */ = {isa = PBXFileReference; lastKnownFileType = sourcecode.swift; path = Typography.swift; sourceTree = "<group>"; };
		E5441A622F2D776A0045F545 /* AuthViewModel.swift */ = {isa = PBXFileReference; lastKnownFileType = sourcecode.swift; path = AuthViewModel.swift; sourceTree = "<group>"; };
		E5441A642F2D776A0045F545 /* LoginView.swift */ = {isa = PBXFileReference; lastKnownFileType = sourcecode.swift; path = LoginView.swift; sourceTree = "<group>"; };
		E5441A652F2D776A0045F545 /* SignUpView.swift */ = {isa = PBXFileReference; lastKnownFileType = sourcecode.swift; path = SignUpView.swift; sourceTree = "<group>"; };
		E5441A682F2D776A0045F545 /* DashboardViewModel.swift */ = {isa = PBXFileReference; lastKnownFileType = sourcecode.swift; path = DashboardViewModel.swift; sourceTree = "<group>"; };
		E5441A6A2F2D776A0045F545 /* DashboardView.swift */ = {isa = PBXFileReference; lastKnownFileType = sourcecode.swift; path = DashboardView.swift; sourceTree = "<group>"; };
		E5441A6B2F2D776A0045F545 /* GhostListView.swift */ = {isa = PBXFileReference; lastKnownFileType = sourcecode.swift; path = GhostListView.swift; sourceTree = "<group>"; };
		E5441A6E2F2D776A0045F545 /* GhostLoggingViewModel.swift */ = {isa = PBXFileReference; lastKnownFileType = sourcecode.swift; path = GhostLoggingViewModel.swift; sourceTree = "<group>"; };
		E5441A702F2D776A0045F545 /* EmotionView.swift */ = {isa = PBXFileReference; lastKnownFileType = sourcecode.swift; path = EmotionView.swift; sourceTree = "<group>"; };
		E5441A712F2D776A0045F545 /* GhostLoggedView.swift */ = {isa = PBXFileReference; lastKnownFileType = sourcecode.swift; path = GhostLoggedView.swift; sourceTree = "<group>"; };
		E5441A722F2D776A0045F545 /* NotesView.swift */ = {isa = PBXFileReference; lastKnownFileType = sourcecode.swift; path = NotesView.swift; sourceTree = "<group>"; };
		E5441A732F2D776A0045F545 /* StartLogView.swift */ = {isa = PBXFileReference; lastKnownFileType = sourcecode.swift; path = StartLogView.swift; sourceTree = "<group>"; };
		E5441A742F2D776A0045F545 /* Step1View.swift */ = {isa = PBXFileReference; lastKnownFileType = sourcecode.swift; path = Step1View.swift; sourceTree = "<group>"; };
		E5441A752F2D776A0045F545 /* Step2View.swift */ = {isa = PBXFileReference; lastKnownFileType = sourcecode.swift; path = Step2View.swift; sourceTree = "<group>"; };
		E5441A872F2D77700045F545 /* PhantomApp.swift */ = {isa = PBXFileReference; lastKnownFileType = sourcecode.swift; path = PhantomApp.swift; sourceTree = "<group>"; };
		E5441A882F2D77700045F545 /* Assets.xcassets */ = {isa = PBXFileReference; lastKnownFileType = folder.assetcatalog; path = Assets.xcassets; sourceTree = "<group>"; };
		E5441A892F2D77700045F545 /* Info.plist */ = {isa = PBXFileReference; lastKnownFileType = text.plist.xml; path = Info.plist; sourceTree = "<group>"; };
/* End PBXFileReference section */

/* Begin PBXFileSystemSynchronizedRootGroup section */
		E5441A362F2D76DF0045F545 /* Phantom */ = {
			isa = PBXFileSystemSynchronizedRootGroup;
			path = Phantom;
			sourceTree = "<group>";
		};
/* End PBXFileSystemSynchronizedRootGroup section */

/* Begin PBXFrameworksBuildPhase section */
		E5441A312F2D76DF0045F545 /* Frameworks */ = {
			isa = PBXFrameworksBuildPhase;
			buildActionMask = 2147483647;
			files = (
			);
			runOnlyForDeploymentPostprocessing = 0;
		};
/* End PBXFrameworksBuildPhase section */

/* Begin PBXGroup section */
		0B200001AAAA00010045F545 /* Onboarding */ = {
			isa = PBXGroup;
			children = (
				0B200002AAAA00010045F545 /* ViewModels */,
				0B200003AAAA00010045F545 /* Components */,
				0B200004AAAA00010045F545 /* Views */,
			);
			path = Onboarding;
			sourceTree = "<group>";
		};
		0B200002AAAA00010045F545 /* ViewModels */ = {
			isa = PBXGroup;
			children = (
				0B000004AAAA00010045F545 /* OnboardingViewModel.swift */,
			);
			path = ViewModels;
			sourceTree = "<group>";
		};
		0B200003AAAA00010045F545 /* Components */ = {
			isa = PBXGroup;
			children = (
				0B000006AAAA00010045F545 /* OnboardingProgressBar.swift */,
				0B000008AAAA00010045F545 /* OnboardingCard.swift */,
				0B00000AAAAA00010045F545 /* OnboardingNavigationBar.swift */,
				0B00000CAAAA00010045F545 /* ExampleGhostTradeCard.swift */,
			);
			path = Components;
			sourceTree = "<group>";
		};
		0B200004AAAA00010045F545 /* Views */ = {
			isa = PBXGroup;
			children = (
				0B00000EAAAA00010045F545 /* OnboardingOpeningView.swift */,
				0B000010AAAA00010045F545 /* OnboardingStep1View.swift */,
				0B000012AAAA00010045F545 /* OnboardingStep2View.swift */,
				0B000014AAAA00010045F545 /* OnboardingStep3View.swift */,
				0B000016AAAA00010045F545 /* OnboardingStep4View.swift */,
				0B000018AAAA00010045F545 /* OnboardingContainerView.swift */,
			);
			path = Views;
			sourceTree = "<group>";
		};
		AA000003BBBB00010045F545 /* Navigation */ = {
			isa = PBXGroup;
			children = (
				AA000001BBBB00010045F545 /* MainTabView.swift */,
			);
			path = Navigation;
			sourceTree = "<group>";
		};
		AA000006BBBB00010045F545 /* Home */ = {
			isa = PBXGroup;
			children = (
				AA000007BBBB00010045F545 /* Views */,
			);
			path = Home;
			sourceTree = "<group>";
		};
		AA000007BBBB00010045F545 /* Views */ = {
			isa = PBXGroup;
			children = (
			);
			path = Views;
			sourceTree = "<group>";
		};
		AA00000ABBBB00010045F545 /* HesitationTax */ = {
			isa = PBXGroup;
			children = (
				AA00000BBBBB00010045F545 /* Views */,
			);
			path = HesitationTax;
			sourceTree = "<group>";
		};
		AA00000BBBBB00010045F545 /* Views */ = {
			isa = PBXGroup;
			children = (
				AA000008BBBB00010045F545 /* HesitationTaxView.swift */,
			);
			path = Views;
			sourceTree = "<group>";
		};
		AA00000EBBBB00010045F545 /* Profile */ = {
			isa = PBXGroup;
			children = (
				AA00000FBBBB00010045F545 /* Views */,
			);
			path = Profile;
			sourceTree = "<group>";
		};
		AA00000FBBBB00010045F545 /* Views */ = {
			isa = PBXGroup;
			children = (
				AA00000CBBBB00010045F545 /* ProfileView.swift */,
			);
			path = Views;
			sourceTree = "<group>";
		};
		AA000012BBBB00010045F545 /* Streak */ = {
			isa = PBXGroup;
			children = (
				AA000013BBBB00010045F545 /* Views */,
			);
			path = Streak;
			sourceTree = "<group>";
		};
		AA000013BBBB00010045F545 /* Views */ = {
			isa = PBXGroup;
			children = (
				AA000010BBBB00010045F545 /* StreakView.swift */,
			);
			path = Views;
			sourceTree = "<group>";
		};
		E5441A2B2F2D76DF0045F545 = {
			isa = PBXGroup;
			children = (
				E5441A872F2D77700045F545 /* PhantomApp.swift */,
				E5441A882F2D77700045F545 /* Assets.xcassets */,
				E5441A892F2D77700045F545 /* Info.plist */,
				E5441A782F2D776A0045F545 /* Features */,
				E5441A5D2F2D77660045F545 /* DesignSystem */,
				E5441A4A2F2D775D0045F545 /* Core */,
				E5441A362F2D76DF0045F545 /* Phantom */,
				E5441A352F2D76DF0045F545 /* Products */,
			);
			sourceTree = "<group>";
		};
		E5441A352F2D76DF0045F545 /* Products */ = {
			isa = PBXGroup;
			children = (
				E5441A342F2D76DF0045F545 /* Phantom.app */,
			);
			name = Products;
			sourceTree = "<group>";
		};
		E5441A432F2D775D0045F545 /* Auth */ = {
			isa = PBXGroup;
			children = (
				E5441A422F2D775D0045F545 /* AuthManager.swift */,
				C0901A012F4C80000045F545 /* CognitoConfig.swift */,
				C0901A032F4C80000045F545 /* KeychainHelper.swift */,
			);
			path = Auth;
			sourceTree = "<group>";
		};
		E5441A472F2D775D0045F545 /* Models */ = {
			isa = PBXGroup;
			children = (
				E5441A442F2D775D0045F545 /* DashboardSummary.swift */,
				E5441A452F2D775D0045F545 /* Ghost.swift */,
				E5441A462F2D775D0045F545 /* UserProfile.swift */,
			);
			path = Models;
			sourceTree = "<group>";
		};
		E5441A492F2D775D0045F545 /* Network */ = {
			isa = PBXGroup;
			children = (
				E5441A482F2D775D0045F545 /* APIClient.swift */,
			);
			path = Network;
			sourceTree = "<group>";
		};
		E5441A4A2F2D775D0045F545 /* Core */ = {
			isa = PBXGroup;
			children = (
				E5441A432F2D775D0045F545 /* Auth */,
				E5441A472F2D775D0045F545 /* Models */,
				E5441A492F2D775D0045F545 /* Network */,
				AA000003BBBB00010045F545 /* Navigation */,
			);
			path = Core;
			sourceTree = "<group>";
		};
		E5441A5D2F2D77660045F545 /* DesignSystem */ = {
			isa = PBXGroup;
			children = (
				E5441A592F2D77660045F545 /* Colors.swift */,
				E5441A5A2F2D77660045F545 /* PhantomButton.swift */,
				0B000002AAAA00010045F545 /* PhantomTextField.swift */,
				E5441A5B2F2D77660045F545 /* ProgressIndicator.swift */,
				E5441A5C2F2D77660045F545 /* Typography.swift */,
			);
			path = DesignSystem;
			sourceTree = "<group>";
		};
		E5441A632F2D776A0045F545 /* ViewModels */ = {
			isa = PBXGroup;
			children = (
				E5441A622F2D776A0045F545 /* AuthViewModel.swift */,
			);
			path = ViewModels;
			sourceTree = "<group>";
		};
		E5441A662F2D776A0045F545 /* Views */ = {
			isa = PBXGroup;
			children = (
				C0901A052F4C80000045F545 /* ConfirmSignUpView.swift */,
				E5441A642F2D776A0045F545 /* LoginView.swift */,
				E5441A652F2D776A0045F545 /* SignUpView.swift */,
			);
			path = Views;
			sourceTree = "<group>";
		};
		E5441A672F2D776A0045F545 /* Authentication */ = {
			isa = PBXGroup;
			children = (
				E5441A632F2D776A0045F545 /* ViewModels */,
				E5441A662F2D776A0045F545 /* Views */,
			);
			path = Authentication;
			sourceTree = "<group>";
		};
		E5441A692F2D776A0045F545 /* ViewModels */ = {
			isa = PBXGroup;
			children = (
				E5441A682F2D776A0045F545 /* DashboardViewModel.swift */,
			);
			path = ViewModels;
			sourceTree = "<group>";
		};
		E5441A6C2F2D776A0045F545 /* Views */ = {
			isa = PBXGroup;
			children = (
				E5441A6A2F2D776A0045F545 /* DashboardView.swift */,
				E5441A6B2F2D776A0045F545 /* GhostListView.swift */,
			);
			path = Views;
			sourceTree = "<group>";
		};
		E5441A6D2F2D776A0045F545 /* Dashboard */ = {
			isa = PBXGroup;
			children = (
				E5441A692F2D776A0045F545 /* ViewModels */,
				E5441A6C2F2D776A0045F545 /* Views */,
			);
			path = Dashboard;
			sourceTree = "<group>";
		};
		E5441A6F2F2D776A0045F545 /* ViewModels */ = {
			isa = PBXGroup;
			children = (
				E5441A6E2F2D776A0045F545 /* GhostLoggingViewModel.swift */,
			);
			path = ViewModels;
			sourceTree = "<group>";
		};
		E5441A762F2D776A0045F545 /* Views */ = {
			isa = PBXGroup;
			children = (
				E5441A702F2D776A0045F545 /* EmotionView.swift */,
				E5441A712F2D776A0045F545 /* GhostLoggedView.swift */,
				E5441A722F2D776A0045F545 /* NotesView.swift */,
				E5441A732F2D776A0045F545 /* StartLogView.swift */,
				E5441A742F2D776A0045F545 /* Step1View.swift */,
				E5441A752F2D776A0045F545 /* Step2View.swift */,
			);
			path = Views;
			sourceTree = "<group>";
		};
		E5441A772F2D776A0045F545 /* GhostLogging */ = {
			isa = PBXGroup;
			children = (
				E5441A6F2F2D776A0045F545 /* ViewModels */,
				E5441A762F2D776A0045F545 /* Views */,
			);
			path = GhostLogging;
			sourceTree = "<group>";
		};
		E5441A782F2D776A0045F545 /* Features */ = {
			isa = PBXGroup;
			children = (
				E5441A672F2D776A0045F545 /* Authentication */,
				E5441A6D2F2D776A0045F545 /* Dashboard */,
				E5441A772F2D776A0045F545 /* GhostLogging */,
				0B200001AAAA00010045F545 /* Onboarding */,
				AA000006BBBB00010045F545 /* Home */,
				AA00000ABBBB00010045F545 /* HesitationTax */,
				AA00000EBBBB00010045F545 /* Profile */,
				AA000012BBBB00010045F545 /* Streak */,
			);
			path = Features;
			sourceTree = "<group>";
		};
		AA000007BBBB00010045F545 /* Views */ = {
			isa = PBXGroup;
			children = (
				AA000004BBBB00010045F545 /* HomeView.swift */,
			);
			path = Views;
			sourceTree = "<group>";
		};
		AA000006BBBB00010045F545 /* Home */ = {
			isa = PBXGroup;
			children = (
				AA000007BBBB00010045F545 /* Views */,
			);
			path = Home;
			sourceTree = "<group>";
		};
/* End PBXGroup section */

/* Begin PBXNativeTarget section */
		E5441A332F2D76DF0045F545 /* Phantom */ = {
			isa = PBXNativeTarget;
			buildConfigurationList = E5441A3F2F2D76E10045F545 /* Build configuration list for PBXNativeTarget "Phantom" */;
			buildPhases = (
				E5441A302F2D76DF0045F545 /* Sources */,
				E5441A312F2D76DF0045F545 /* Frameworks */,
				E5441A322F2D76DF0045F545 /* Resources */,
			);
			buildRules = (
			);
			dependencies = (
			);
			fileSystemSynchronizedGroups = (
				E5441A362F2D76DF0045F545 /* Phantom */,
			);
			name = Phantom;
			packageProductDependencies = (
			);
			productName = Phantom;
			productReference = E5441A342F2D76DF0045F545 /* Phantom.app */;
			productType = "com.apple.product-type.application";
		};
/* End PBXNativeTarget section */

/* Begin PBXProject section */
		E5441A2C2F2D76DF0045F545 /* Project object */ = {
			isa = PBXProject;
			attributes = {
				BuildIndependentTargetsInParallel = 1;
				LastSwiftUpdateCheck = 2620;
				LastUpgradeCheck = 2620;
				TargetAttributes = {
					E5441A332F2D76DF0045F545 = {
						CreatedOnToolsVersion = 26.2;
					};
				};
			};
			buildConfigurationList = E5441A2F2F2D76DF0045F545 /* Build configuration list for PBXProject "Phantom" */;
			developmentRegion = en;
			hasScannedForEncodings = 0;
			knownRegions = (
				en,
				Base,
			);
			mainGroup = E5441A2B2F2D76DF0045F545;
			minimizedProjectReferenceProxies = 1;
			packageReferences = (
			);
			preferredProjectObjectVersion = 77;
			productRefGroup = E5441A352F2D76DF0045F545 /* Products */;
			projectDirPath = "";
			projectRoot = "";
			targets = (
				E5441A332F2D76DF0045F545 /* Phantom */,
			);
		};
/* End PBXProject section */

/* Begin PBXResourcesBuildPhase section */
		E5441A322F2D76DF0045F545 /* Resources */ = {
			isa = PBXResourcesBuildPhase;
			buildActionMask = 2147483647;
			files = (
				D0L0G000CCCC00010045F545 /* Assets.xcassets in Resources */,
			);
			runOnlyForDeploymentPostprocessing = 0;
		};
/* End PBXResourcesBuildPhase section */

/* Begin PBXSourcesBuildPhase section */
		E5441A302F2D76DF0045F545 /* Sources */ = {
			isa = PBXSourcesBuildPhase;
			buildActionMask = 2147483647;
			files = (
				E5441A862F2D77700045F545 /* PhantomApp.swift in Sources */,
				E5441A4B2F2D775D0045F545 /* Ghost.swift in Sources */,
				E5441A5E2F2D77660045F545 /* ProgressIndicator.swift in Sources */,
				E5441A5F2F2D77660045F545 /* Typography.swift in Sources */,
				E5441A602F2D77660045F545 /* Colors.swift in Sources */,
				E5441A612F2D77660045F545 /* PhantomButton.swift in Sources */,
				E5441A4C2F2D775D0045F545 /* AuthManager.swift in Sources */,
				E5441A4D2F2D775D0045F545 /* APIClient.swift in Sources */,
				E5441A792F2D776A0045F545 /* LoginView.swift in Sources */,
				E5441A7A2F2D776A0045F545 /* SignUpView.swift in Sources */,
				E5441A7B2F2D776A0045F545 /* AuthViewModel.swift in Sources */,
				E5441A7C2F2D776A0045F545 /* NotesView.swift in Sources */,
				E5441A7D2F2D776A0045F545 /* GhostLoggedView.swift in Sources */,
				E5441A7E2F2D776A0045F545 /* DashboardView.swift in Sources */,
				E5441A7F2F2D776A0045F545 /* DashboardViewModel.swift in Sources */,
				E5441A802F2D776A0045F545 /* Step2View.swift in Sources */,
				E5441A812F2D776A0045F545 /* GhostLoggingViewModel.swift in Sources */,
				E5441A822F2D776A0045F545 /* StartLogView.swift in Sources */,
				E5441A832F2D776A0045F545 /* Step1View.swift in Sources */,
				E5441A842F2D776A0045F545 /* GhostListView.swift in Sources */,
				E5441A852F2D776A0045F545 /* EmotionView.swift in Sources */,
				E5441A4E2F2D775D0045F545 /* UserProfile.swift in Sources */,
				E5441A4F2F2D775D0045F545 /* DashboardSummary.swift in Sources */,
				C0901A022F4C80000045F545 /* CognitoConfig.swift in Sources */,
				C0901A042F4C80000045F545 /* KeychainHelper.swift in Sources */,
				C0901A062F4C80000045F545 /* ConfirmSignUpView.swift in Sources */,
				0B000001AAAA00010045F545 /* PhantomTextField.swift in Sources */,
				0B000003AAAA00010045F545 /* OnboardingViewModel.swift in Sources */,
				0B000005AAAA00010045F545 /* OnboardingProgressBar.swift in Sources */,
				0B000007AAAA00010045F545 /* OnboardingCard.swift in Sources */,
				0B000009AAAA00010045F545 /* OnboardingNavigationBar.swift in Sources */,
				0B00000BAAAA00010045F545 /* ExampleGhostTradeCard.swift in Sources */,
				0B00000DAAAA00010045F545 /* OnboardingOpeningView.swift in Sources */,
				0B00000FAAAA00010045F545 /* OnboardingStep1View.swift in Sources */,
				0B000011AAAA00010045F545 /* OnboardingStep2View.swift in Sources */,
				0B000013AAAA00010045F545 /* OnboardingStep3View.swift in Sources */,
				0B000015AAAA00010045F545 /* OnboardingStep4View.swift in Sources */,
				0B000017AAAA00010045F545 /* OnboardingContainerView.swift in Sources */,
				AA000002BBBB00010045F545 /* MainTabView.swift in Sources */,
				AA000005BBBB00010045F545 /* HomeView.swift in Sources */,
				AA000009BBBB00010045F545 /* HesitationTaxView.swift in Sources */,
				AA00000DBBBB00010045F545 /* ProfileView.swift in Sources */,
				AA000011BBBB00010045F545 /* StreakView.swift in Sources */,
			);
			runOnlyForDeploymentPostprocessing = 0;
		};
/* End PBXSourcesBuildPhase section */

/* Begin XCBuildConfiguration section */
		E5441A3D2F2D76E10045F545 /* Debug */ = {
			isa = XCBuildConfiguration;
			buildSettings = {
				ALWAYS_SEARCH_USER_PATHS = NO;
				ASSETCATALOG_COMPILER_GENERATE_SWIFT_ASSET_SYMBOL_EXTENSIONS = YES;
				CLANG_ANALYZER_NONNULL = YES;
				CLANG_ANALYZER_NUMBER_OBJECT_CONVERSION = YES_AGGRESSIVE;
				CLANG_CXX_LANGUAGE_STANDARD = "gnu++20";
				CLANG_ENABLE_MODULES = YES;
				CLANG_ENABLE_OBJC_ARC = YES;
				CLANG_ENABLE_OBJC_WEAK = YES;
				CLANG_WARN_BLOCK_CAPTURE_AUTORELEASING = YES;
				CLANG_WARN_BOOL_CONVERSION = YES;
				CLANG_WARN_COMMA = YES;
				CLANG_WARN_CONSTANT_CONVERSION = YES;
				CLANG_WARN_DEPRECATED_OBJC_IMPLEMENTATIONS = YES;
				CLANG_WARN_DIRECT_OBJC_ISA_USAGE = YES_ERROR;
				CLANG_WARN_DOCUMENTATION_COMMENTS = YES;
				CLANG_WARN_EMPTY_BODY = YES;
				CLANG_WARN_ENUM_CONVERSION = YES;
				CLANG_WARN_INFINITE_RECURSION = YES;
				CLANG_WARN_INT_CONVERSION = YES;
				CLANG_WARN_NON_LITERAL_NULL_CONVERSION = YES;
				CLANG_WARN_OBJC_IMPLICIT_RETAIN_SELF = YES;
				CLANG_WARN_OBJC_LITERAL_CONVERSION = YES;
				CLANG_WARN_OBJC_ROOT_CLASS = YES_ERROR;
				CLANG_WARN_QUOTED_INCLUDE_IN_FRAMEWORK_HEADER = YES;
				CLANG_WARN_RANGE_LOOP_ANALYSIS = YES;
				CLANG_WARN_STRICT_PROTOTYPES = YES;
				CLANG_WARN_SUSPICIOUS_MOVE = YES;
				CLANG_WARN_UNGUARDED_AVAILABILITY = YES_AGGRESSIVE;
				CLANG_WARN_UNREACHABLE_CODE = YES;
				CLANG_WARN__DUPLICATE_METHOD_MATCH = YES;
				COPY_PHASE_STRIP = NO;
				DEBUG_INFORMATION_FORMAT = dwarf;
				ENABLE_STRICT_OBJC_MSGSEND = YES;
				ENABLE_TESTABILITY = YES;
				ENABLE_USER_SCRIPT_SANDBOXING = YES;
				GCC_C_LANGUAGE_STANDARD = gnu17;
				GCC_DYNAMIC_NO_PIC = NO;
				GCC_NO_COMMON_BLOCKS = YES;
				GCC_OPTIMIZATION_LEVEL = 0;
				GCC_PREPROCESSOR_DEFINITIONS = (
					"DEBUG=1",
					"$(inherited)",
				);
				GCC_WARN_64_TO_32_BIT_CONVERSION = YES;
				GCC_WARN_ABOUT_RETURN_TYPE = YES_ERROR;
				GCC_WARN_UNDECLARED_SELECTOR = YES;
				GCC_WARN_UNINITIALIZED_AUTOS = YES_AGGRESSIVE;
				GCC_WARN_UNUSED_FUNCTION = YES;
				GCC_WARN_UNUSED_VARIABLE = YES;
				IPHONEOS_DEPLOYMENT_TARGET = 26.2;
				LOCALIZATION_PREFERS_STRING_CATALOGS = YES;
				MTL_ENABLE_DEBUG_INFO = INCLUDE_SOURCE;
				MTL_FAST_MATH = YES;
				ONLY_ACTIVE_ARCH = YES;
				SDKROOT = iphoneos;
				SWIFT_ACTIVE_COMPILATION_CONDITIONS = "DEBUG $(inherited)";
				SWIFT_OPTIMIZATION_LEVEL = "-Onone";
			};
			name = Debug;
		};
		E5441A3E2F2D76E10045F545 /* Release */ = {
			isa = XCBuildConfiguration;
			buildSettings = {
				ALWAYS_SEARCH_USER_PATHS = NO;
				ASSETCATALOG_COMPILER_GENERATE_SWIFT_ASSET_SYMBOL_EXTENSIONS = YES;
				CLANG_ANALYZER_NONNULL = YES;
				CLANG_ANALYZER_NUMBER_OBJECT_CONVERSION = YES_AGGRESSIVE;
				CLANG_CXX_LANGUAGE_STANDARD = "gnu++20";
				CLANG_ENABLE_MODULES = YES;
				CLANG_ENABLE_OBJC_ARC = YES;
				CLANG_ENABLE_OBJC_WEAK = YES;
				CLANG_WARN_BLOCK_CAPTURE_AUTORELEASING = YES;
				CLANG_WARN_BOOL_CONVERSION = YES;
				CLANG_WARN_COMMA = YES;
				CLANG_WARN_CONSTANT_CONVERSION = YES;
				CLANG_WARN_DEPRECATED_OBJC_IMPLEMENTATIONS = YES;
				CLANG_WARN_DIRECT_OBJC_ISA_USAGE = YES_ERROR;
				CLANG_WARN_DOCUMENTATION_COMMENTS = YES;
				CLANG_WARN_EMPTY_BODY = YES;
				CLANG_WARN_ENUM_CONVERSION = YES;
				CLANG_WARN_INFINITE_RECURSION = YES;
				CLANG_WARN_INT_CONVERSION = YES;
				CLANG_WARN_NON_LITERAL_NULL_CONVERSION = YES;
				CLANG_WARN_OBJC_IMPLICIT_RETAIN_SELF = YES;
				CLANG_WARN_OBJC_LITERAL_CONVERSION = YES;
				CLANG_WARN_OBJC_ROOT_CLASS = YES_ERROR;
				CLANG_WARN_QUOTED_INCLUDE_IN_FRAMEWORK_HEADER = YES;
				CLANG_WARN_RANGE_LOOP_ANALYSIS = YES;
				CLANG_WARN_STRICT_PROTOTYPES = YES;
				CLANG_WARN_SUSPICIOUS_MOVE = YES;
				CLANG_WARN_UNGUARDED_AVAILABILITY = YES_AGGRESSIVE;
				CLANG_WARN_UNREACHABLE_CODE = YES;
				CLANG_WARN__DUPLICATE_METHOD_MATCH = YES;
				COPY_PHASE_STRIP = NO;
				DEBUG_INFORMATION_FORMAT = "dwarf-with-dsym";
				ENABLE_NS_ASSERTIONS = NO;
				ENABLE_STRICT_OBJC_MSGSEND = YES;
				ENABLE_USER_SCRIPT_SANDBOXING = YES;
				GCC_C_LANGUAGE_STANDARD = gnu17;
				GCC_NO_COMMON_BLOCKS = YES;
				GCC_WARN_64_TO_32_BIT_CONVERSION = YES;
				GCC_WARN_ABOUT_RETURN_TYPE = YES_ERROR;
				GCC_WARN_UNDECLARED_SELECTOR = YES;
				GCC_WARN_UNINITIALIZED_AUTOS = YES_AGGRESSIVE;
				GCC_WARN_UNUSED_FUNCTION = YES;
				GCC_WARN_UNUSED_VARIABLE = YES;
				IPHONEOS_DEPLOYMENT_TARGET = 26.2;
				LOCALIZATION_PREFERS_STRING_CATALOGS = YES;
				MTL_ENABLE_DEBUG_INFO = NO;
				MTL_FAST_MATH = YES;
				SDKROOT = iphoneos;
				SWIFT_COMPILATION_MODE = wholemodule;
				VALIDATE_PRODUCT = YES;
			};
			name = Release;
		};
		E5441A402F2D76E10045F545 /* Debug */ = {
			isa = XCBuildConfiguration;
			buildSettings = {
				ASSETCATALOG_COMPILER_APPICON_NAME = AppIcon;
				ASSETCATALOG_COMPILER_GLOBAL_ACCENT_COLOR_NAME = AccentColor;
				CODE_SIGN_STYLE = Automatic;
				CURRENT_PROJECT_VERSION = 1;
				ENABLE_PREVIEWS = YES;
				GENERATE_INFOPLIST_FILE = YES;
				INFOPLIST_KEY_UIApplicationSceneManifest_Generation = YES;
				INFOPLIST_KEY_UIApplicationSupportsIndirectInputEvents = YES;
				INFOPLIST_KEY_UILaunchScreen_Generation = YES;
				INFOPLIST_KEY_UISupportedInterfaceOrientations_iPad = "UIInterfaceOrientationPortrait UIInterfaceOrientationPortraitUpsideDown UIInterfaceOrientationLandscapeLeft UIInterfaceOrientationLandscapeRight";
				INFOPLIST_KEY_UISupportedInterfaceOrientations_iPhone = "UIInterfaceOrientationPortrait UIInterfaceOrientationLandscapeLeft UIInterfaceOrientationLandscapeRight";
				LD_RUNPATH_SEARCH_PATHS = (
					"$(inherited)",
					"@executable_path/Frameworks",
				);
				MARKETING_VERSION = 1.0;
				PRODUCT_BUNDLE_IDENTIFIER = INFO.Phantom;
				PRODUCT_NAME = "$(TARGET_NAME)";
				STRING_CATALOG_GENERATE_SYMBOLS = YES;
				SWIFT_APPROACHABLE_CONCURRENCY = YES;
				SWIFT_DEFAULT_ACTOR_ISOLATION = MainActor;
				SWIFT_EMIT_LOC_STRINGS = YES;
				SWIFT_UPCOMING_FEATURE_MEMBER_IMPORT_VISIBILITY = YES;
				SWIFT_VERSION = 5.0;
				TARGETED_DEVICE_FAMILY = "1,2";
			};
			name = Debug;
		};
		E5441A412F2D76E10045F545 /* Release */ = {
			isa = XCBuildConfiguration;
			buildSettings = {
				ASSETCATALOG_COMPILER_APPICON_NAME = AppIcon;
				ASSETCATALOG_COMPILER_GLOBAL_ACCENT_COLOR_NAME = AccentColor;
				CODE_SIGN_STYLE = Automatic;
				CURRENT_PROJECT_VERSION = 1;
				ENABLE_PREVIEWS = YES;
				GENERATE_INFOPLIST_FILE = YES;
				INFOPLIST_KEY_UIApplicationSceneManifest_Generation = YES;
				INFOPLIST_KEY_UIApplicationSupportsIndirectInputEvents = YES;
				INFOPLIST_KEY_UILaunchScreen_Generation = YES;
				INFOPLIST_KEY_UISupportedInterfaceOrientations_iPad = "UIInterfaceOrientationPortrait UIInterfaceOrientationPortraitUpsideDown UIInterfaceOrientationLandscapeLeft UIInterfaceOrientationLandscapeRight";
				INFOPLIST_KEY_UISupportedInterfaceOrientations_iPhone = "UIInterfaceOrientationPortrait UIInterfaceOrientationLandscapeLeft UIInterfaceOrientationLandscapeRight";
				LD_RUNPATH_SEARCH_PATHS = (
					"$(inherited)",
					"@executable_path/Frameworks",
				);
				MARKETING_VERSION = 1.0;
				PRODUCT_BUNDLE_IDENTIFIER = INFO.Phantom;
				PRODUCT_NAME = "$(TARGET_NAME)";
				STRING_CATALOG_GENERATE_SYMBOLS = YES;
				SWIFT_APPROACHABLE_CONCURRENCY = YES;
				SWIFT_DEFAULT_ACTOR_ISOLATION = MainActor;
				SWIFT_EMIT_LOC_STRINGS = YES;
				SWIFT_UPCOMING_FEATURE_MEMBER_IMPORT_VISIBILITY = YES;
				SWIFT_VERSION = 5.0;
				TARGETED_DEVICE_FAMILY = "1,2";
			};
			name = Release;
		};
/* End XCBuildConfiguration section */

/* Begin XCConfigurationList section */
		E5441A2F2F2D76DF0045F545 /* Build configuration list for PBXProject "Phantom" */ = {
			isa = XCConfigurationList;
			buildConfigurations = (
				E5441A3D2F2D76E10045F545 /* Debug */,
				E5441A3E2F2D76E10045F545 /* Release */,
			);
			defaultConfigurationIsVisible = 0;
			defaultConfigurationName = Release;
		};
		E5441A3F2F2D76E10045F545 /* Build configuration list for PBXNativeTarget "Phantom" */ = {
			isa = XCConfigurationList;
			buildConfigurations = (
				E5441A402F2D76E10045F545 /* Debug */,
				E5441A412F2D76E10045F545 /* Release */,
			);
			defaultConfigurationIsVisible = 0;
			defaultConfigurationName = Release;
		};
/* End XCConfigurationList section */
	};
	rootObject = E5441A2C2F2D76DF0045F545 /* Project object */;
}
